
Microsoft Visual Studio Solution File, Format Version 12.00
# Visual Studio Version 17
VisualStudioVersion = 17.9.34622.214
MinimumVisualStudioVersion = 10.0.40219.1
Project("{FAE04EC0-301F-11D3-BF4B-00C04F79EFBC}") = "Akasztofa", "Akasztofa.csproj", "{78AEE9FF-F47D-464D-853C-E989D7DF69DA}"
EndProject
Global
	GlobalSection(SolutionConfigurationPlatforms) = preSolution
		Debug|Any CPU = Debug|Any CPU
		Release|Any CPU = Release|Any CPU
	EndGlobalSection
	GlobalSection(ProjectConfigurationPlatforms) = postSolution
		{78AEE9FF-F47D-464D-853C-E989D7DF69DA}.Debug|Any CPU.ActiveCfg = Debug|Any CPU
		{78AEE9FF-F47D-464D-853C-E989D7DF69DA}.Debug|Any CPU.Build.0 = Debug|Any CPU
		{78AEE9FF-F47D-464D-853C-E989D7DF69DA}.Debug|Any CPU.Deploy.0 = Debug|Any CPU
		{78AEE9FF-F47D-464D-853C-E989D7DF69DA}.Release|Any CPU.ActiveCfg = Release|Any CPU
		{78AEE9FF-F47D-464D-853C-E989D7DF69DA}.Release|Any CPU.Build.0 = Release|Any CPU
		{78AEE9FF-F47D-464D-853C-E989D7DF69DA}.Release|Any CPU.Deploy.0 = Release|Any CPU
	EndGlobalSection
	GlobalSection(SolutionProperties) = preSolution
		HideSolutionNode = FALSE
	EndGlobalSection
	GlobalSection(ExtensibilityGlobals) = postSolution
		SolutionGuid = {857038E1-C0B5-4833-B9A9-BCA0A9DE92A8}
	EndGlobalSection
EndGlobal
